
Microsoft Visual Studio Solution File, Format Version 12.00
# Visual Studio 2012
Project("{FAE04EC0-301F-11D3-BF4B-00C04F79EFBC}") = "StopWatchApp.Android", "StopWatchApp.Android\StopWatchApp.Android.csproj", "{DC7A4F2D-93BE-4E0B-877C-12EADCCF204B}"
EndProject
Project("{FAE04EC0-301F-11D3-BF4B-00C04F79EFBC}") = "StopWatchApp.Core", "StopWatchApp.Core\StopWatchApp.Core.csproj", "{E1129E62-F7AA-4D23-B5FA-106BA2F8AC85}"
EndProject
Global
	GlobalSection(SolutionConfigurationPlatforms) = preSolution
		Debug|Any CPU = Debug|Any CPU
		Release|Any CPU = Release|Any CPU
	EndGlobalSection
	GlobalSection(ProjectConfigurationPlatforms) = postSolution
		{DC7A4F2D-93BE-4E0B-877C-12EADCCF204B}.Debug|Any CPU.ActiveCfg = Debug|Any CPU
		{DC7A4F2D-93BE-4E0B-877C-12EADCCF204B}.Debug|Any CPU.Build.0 = Debug|Any CPU
		{DC7A4F2D-93BE-4E0B-877C-12EADCCF204B}.Release|Any CPU.ActiveCfg = Release|Any CPU
		{DC7A4F2D-93BE-4E0B-877C-12EADCCF204B}.Release|Any CPU.Build.0 = Release|Any CPU
		{E1129E62-F7AA-4D23-B5FA-106BA2F8AC85}.Debug|Any CPU.ActiveCfg = Debug|Any CPU
		{E1129E62-F7AA-4D23-B5FA-106BA2F8AC85}.Debug|Any CPU.Build.0 = Debug|Any CPU
		{E1129E62-F7AA-4D23-B5FA-106BA2F8AC85}.Release|Any CPU.ActiveCfg = Release|Any CPU
		{E1129E62-F7AA-4D23-B5FA-106BA2F8AC85}.Release|Any CPU.Build.0 = Release|Any CPU
	EndGlobalSection
EndGlobal
